
Microsoft Visual Studio Solution File, Format Version 12.00
# Visual Studio 15
VisualStudioVersion = 15.0.28307.421
MinimumVisualStudioVersion = 10.0.40219.1
Project("{FAE04EC0-301F-11D3-BF4B-00C04F79EFBC}") = "TariffCalc", "TariffCalc\TariffCalc.csproj", "{26B5E24A-6A2C-48E0-823A-C2F32AE3AB40}"
EndProject
Project("{FAE04EC0-301F-11D3-BF4B-00C04F79EFBC}") = "UserInterface", "UserInterface\UserInterface.csproj", "{835E383B-54D5-4D75-9439-BCD60107A010}"
EndProject
Project("{FAE04EC0-301F-11D3-BF4B-00C04F79EFBC}") = "TariffCalcUnitTests", "TariffCalcUnitTests\TariffCalcUnitTests.csproj", "{F06D77D9-0D87-43C5-A5E6-D687B0D68281}"
EndProject
Global
	GlobalSection(SolutionConfigurationPlatforms) = preSolution
		Debug|Any CPU = Debug|Any CPU
		Release|Any CPU = Release|Any CPU
	EndGlobalSection
	GlobalSection(ProjectConfigurationPlatforms) = postSolution
		{26B5E24A-6A2C-48E0-823A-C2F32AE3AB40}.Debug|Any CPU.ActiveCfg = Debug|Any CPU
		{26B5E24A-6A2C-48E0-823A-C2F32AE3AB40}.Debug|Any CPU.Build.0 = Debug|Any CPU
		{26B5E24A-6A2C-48E0-823A-C2F32AE3AB40}.Release|Any CPU.ActiveCfg = Release|Any CPU
		{26B5E24A-6A2C-48E0-823A-C2F32AE3AB40}.Release|Any CPU.Build.0 = Release|Any CPU
		{835E383B-54D5-4D75-9439-BCD60107A010}.Debug|Any CPU.ActiveCfg = Debug|Any CPU
		{835E383B-54D5-4D75-9439-BCD60107A010}.Debug|Any CPU.Build.0 = Debug|Any CPU
		{835E383B-54D5-4D75-9439-BCD60107A010}.Release|Any CPU.ActiveCfg = Release|Any CPU
		{835E383B-54D5-4D75-9439-BCD60107A010}.Release|Any CPU.Build.0 = Release|Any CPU
		{F06D77D9-0D87-43C5-A5E6-D687B0D68281}.Debug|Any CPU.ActiveCfg = Debug|Any CPU
		{F06D77D9-0D87-43C5-A5E6-D687B0D68281}.Debug|Any CPU.Build.0 = Debug|Any CPU
		{F06D77D9-0D87-43C5-A5E6-D687B0D68281}.Release|Any CPU.ActiveCfg = Release|Any CPU
		{F06D77D9-0D87-43C5-A5E6-D687B0D68281}.Release|Any CPU.Build.0 = Release|Any CPU
	EndGlobalSection
	GlobalSection(SolutionProperties) = preSolution
		HideSolutionNode = FALSE
	EndGlobalSection
	GlobalSection(ExtensibilityGlobals) = postSolution
		SolutionGuid = {D3305A22-7E5B-4DB0-9C3C-90CC428D1EE6}
	EndGlobalSection
EndGlobal
